
Microsoft Visual Studio Solution File, Format Version 12.00
# Visual Studio Version 17
VisualStudioVersion = 17.8.34330.188
MinimumVisualStudioVersion = 10.0.40219.1
Project("{FAE04EC0-301F-11D3-BF4B-00C04F79EFBC}") = "VtkAndSettingWindow-sample", "VtkAndSettingWindow-sample\VtkAndSettingWindow-sample.csproj", "{FBC7138E-4BCC-45DA-9946-ABBBB2CA4164}"
EndProject
Global
	GlobalSection(SolutionConfigurationPlatforms) = preSolution
		Debug|Any CPU = Debug|Any CPU
		Release|Any CPU = Release|Any CPU
	EndGlobalSection
	GlobalSection(ProjectConfigurationPlatforms) = postSolution
		{FBC7138E-4BCC-45DA-9946-ABBBB2CA4164}.Debug|Any CPU.ActiveCfg = Debug|Any CPU
		{FBC7138E-4BCC-45DA-9946-ABBBB2CA4164}.Debug|Any CPU.Build.0 = Debug|Any CPU
		{FBC7138E-4BCC-45DA-9946-ABBBB2CA4164}.Release|Any CPU.ActiveCfg = Release|Any CPU
		{FBC7138E-4BCC-45DA-9946-ABBBB2CA4164}.Release|Any CPU.Build.0 = Release|Any CPU
	EndGlobalSection
	GlobalSection(SolutionProperties) = preSolution
		HideSolutionNode = FALSE
	EndGlobalSection
	GlobalSection(ExtensibilityGlobals) = postSolution
		SolutionGuid = {890F98E4-C268-464D-9B56-7944045EED26}
	EndGlobalSection
EndGlobal
